
Microsoft Visual Studio Solution File, Format Version 12.00
# Visual Studio Version 16
VisualStudioVersion = 16.0.32510.428
MinimumVisualStudioVersion = 10.0.40219.1
Project("{9A19103F-16F7-4668-BE54-9A1E7A4F7556}") = "Timely", "Timely\Timely.csproj", "{994805A9-C762-45D8-8C9F-699CD8B24035}"
EndProject
Project("{2150E333-8FDC-42A3-9474-1A3956D46DE8}") = "Samples", "Samples", "{4E153856-1FCB-4B7B-89E8-D3A33E0CD1C2}"
EndProject
Project("{9A19103F-16F7-4668-BE54-9A1E7A4F7556}") = "LifeEvents", "Samples\LifeEvents\LifeEvents.csproj", "{6FC288A4-C636-4415-8B36-C95158D91BEB}"
EndProject
Global
	GlobalSection(SolutionConfigurationPlatforms) = preSolution
		Debug|Any CPU = Debug|Any CPU
		Release|Any CPU = Release|Any CPU
	EndGlobalSection
	GlobalSection(ProjectConfigurationPlatforms) = postSolution
		{994805A9-C762-45D8-8C9F-699CD8B24035}.Debug|Any CPU.ActiveCfg = Debug|Any CPU
		{994805A9-C762-45D8-8C9F-699CD8B24035}.Debug|Any CPU.Build.0 = Debug|Any CPU
		{994805A9-C762-45D8-8C9F-699CD8B24035}.Release|Any CPU.ActiveCfg = Release|Any CPU
		{994805A9-C762-45D8-8C9F-699CD8B24035}.Release|Any CPU.Build.0 = Release|Any CPU
		{6FC288A4-C636-4415-8B36-C95158D91BEB}.Debug|Any CPU.ActiveCfg = Debug|Any CPU
		{6FC288A4-C636-4415-8B36-C95158D91BEB}.Debug|Any CPU.Build.0 = Debug|Any CPU
		{6FC288A4-C636-4415-8B36-C95158D91BEB}.Release|Any CPU.ActiveCfg = Release|Any CPU
		{6FC288A4-C636-4415-8B36-C95158D91BEB}.Release|Any CPU.Build.0 = Release|Any CPU
	EndGlobalSection
	GlobalSection(SolutionProperties) = preSolution
		HideSolutionNode = FALSE
	EndGlobalSection
	GlobalSection(NestedProjects) = preSolution
		{6FC288A4-C636-4415-8B36-C95158D91BEB} = {4E153856-1FCB-4B7B-89E8-D3A33E0CD1C2}
	EndGlobalSection
	GlobalSection(ExtensibilityGlobals) = postSolution
		SolutionGuid = {A6F0DB7B-4C38-4E5A-B7DC-6161775F5292}
	EndGlobalSection
EndGlobal
